
Microsoft Visual Studio Solution File, Format Version 12.00
# Visual Studio Version 17
VisualStudioVersion = 17.10.35013.160
MinimumVisualStudioVersion = 10.0.40219.1
Project("{FAE04EC0-301F-11D3-BF4B-00C04F79EFBC}") = "ConsoleApp9", "ConsoleApp9\ConsoleApp9.csproj", "{700CE680-14C2-4A7F-B3EB-48BB87C20590}"
EndProject
Global
	GlobalSection(SolutionConfigurationPlatforms) = preSolution
		Debug|Any CPU = Debug|Any CPU
		Release|Any CPU = Release|Any CPU
	EndGlobalSection
	GlobalSection(ProjectConfigurationPlatforms) = postSolution
		{700CE680-14C2-4A7F-B3EB-48BB87C20590}.Debug|Any CPU.ActiveCfg = Debug|Any CPU
		{700CE680-14C2-4A7F-B3EB-48BB87C20590}.Debug|Any CPU.Build.0 = Debug|Any CPU
		{700CE680-14C2-4A7F-B3EB-48BB87C20590}.Release|Any CPU.ActiveCfg = Release|Any CPU
		{700CE680-14C2-4A7F-B3EB-48BB87C20590}.Release|Any CPU.Build.0 = Release|Any CPU
	EndGlobalSection
	GlobalSection(SolutionProperties) = preSolution
		HideSolutionNode = FALSE
	EndGlobalSection
	GlobalSection(ExtensibilityGlobals) = postSolution
		SolutionGuid = {BE918DA8-FB72-411E-AD7B-B62BC4686D6A}
	EndGlobalSection
EndGlobal
